// !$*UTF8*$!
{
	archiveVersion = 1;
	classes = {
	};
	objectVersion = 56;
	objects = {

/* Begin PBXBuildFile section */
		74AC3D35298FD9610081615B /* AppDelegate.swift in Sources */ = {isa = PBXBuildFile; fileRef = 74AC3D34298FD9610081615B /* AppDelegate.swift */; };
		74AC3D37298FD9610081615B /* SceneDelegate.swift in Sources */ = {isa = PBXBuildFile; fileRef = 74AC3D36298FD9610081615B /* SceneDelegate.swift */; };
		74AC3D3E298FD9630081615B /* Assets.xcassets in Resources */ = {isa = PBXBuildFile; fileRef = 74AC3D3D298FD9630081615B /* Assets.xcassets */; };
		74AC3D41298FD9630081615B /* LaunchScreen.storyboard in Resources */ = {isa = PBXBuildFile; fileRef = 74AC3D3F298FD9630081615B /* LaunchScreen.storyboard */; };
		74AC3D4A298FD9760081615B /* AFNetwork in Frameworks */ = {isa = PBXBuildFile; productRef = 74AC3D49298FD9760081615B /* AFNetwork */; };
		74AC3D56298FDA080081615B /* MoviesViewModel.swift in Sources */ = {isa = PBXBuildFile; fileRef = 74AC3D55298FDA080081615B /* MoviesViewModel.swift */; };
		74AC3D59298FDA3B0081615B /* MoviesVIewController.swift in Sources */ = {isa = PBXBuildFile; fileRef = 74AC3D57298FDA3B0081615B /* MoviesVIewController.swift */; };
		74AC3D5A298FDA3B0081615B /* MoviesVIewController.xib in Resources */ = {isa = PBXBuildFile; fileRef = 74AC3D58298FDA3B0081615B /* MoviesVIewController.xib */; };
		74AC3D62298FDAE90081615B /* MoviesFactoy.swift in Sources */ = {isa = PBXBuildFile; fileRef = 74AC3D61298FDAE90081615B /* MoviesFactoy.swift */; };
		74AC3D65298FDB030081615B /* Factory.swift in Sources */ = {isa = PBXBuildFile; fileRef = 74AC3D64298FDB030081615B /* Factory.swift */; };
		74AC3D6A298FDB540081615B /* MoviesCell.swift in Sources */ = {isa = PBXBuildFile; fileRef = 74AC3D68298FDB540081615B /* MoviesCell.swift */; };
		74AC3D6B298FDB540081615B /* MoviesCell.xib in Resources */ = {isa = PBXBuildFile; fileRef = 74AC3D69298FDB540081615B /* MoviesCell.xib */; };
		74AC3D6D298FDB6F0081615B /* MoviesRepositoryProrocol.swift in Sources */ = {isa = PBXBuildFile; fileRef = 74AC3D6C298FDB6F0081615B /* MoviesRepositoryProrocol.swift */; };
		74AC3D6F298FDB8C0081615B /* MoviesRepoRemoteProtocol.swift in Sources */ = {isa = PBXBuildFile; fileRef = 74AC3D6E298FDB8C0081615B /* MoviesRepoRemoteProtocol.swift */; };
		74AC3D71298FDBA90081615B /* MoviesDatasources.swift in Sources */ = {isa = PBXBuildFile; fileRef = 74AC3D70298FDBA90081615B /* MoviesDatasources.swift */; };
		74AC3D73298FDBDF0081615B /* MoviesUseCase.swift in Sources */ = {isa = PBXBuildFile; fileRef = 74AC3D72298FDBDF0081615B /* MoviesUseCase.swift */; };
		74AC3D76298FDC090081615B /* MoviesUseCaseProtocol.swift in Sources */ = {isa = PBXBuildFile; fileRef = 74AC3D75298FDC090081615B /* MoviesUseCaseProtocol.swift */; };
		74AC3D79298FDC2B0081615B /* Movies.swift in Sources */ = {isa = PBXBuildFile; fileRef = 74AC3D78298FDC2B0081615B /* Movies.swift */; };
		74AC3D7B298FDC5A0081615B /* MoviesRepositoryImple.swift in Sources */ = {isa = PBXBuildFile; fileRef = 74AC3D7A298FDC5A0081615B /* MoviesRepositoryImple.swift */; };
		74AC3D7D298FDC8F0081615B /* MoviesRepoRemoteImple.swift in Sources */ = {isa = PBXBuildFile; fileRef = 74AC3D7C298FDC8F0081615B /* MoviesRepoRemoteImple.swift */; };
		74AC3D80298FDCFF0081615B /* ViewModel.swift in Sources */ = {isa = PBXBuildFile; fileRef = 74AC3D7F298FDCFF0081615B /* ViewModel.swift */; };
		74AC3D82298FDD190081615B /* MoviesViewModelProtocol.swift in Sources */ = {isa = PBXBuildFile; fileRef = 74AC3D81298FDD190081615B /* MoviesViewModelProtocol.swift */; };
		74AC3D84298FDDDF0081615B /* MoviesDatasourcesViewModel.swift in Sources */ = {isa = PBXBuildFile; fileRef = 74AC3D83298FDDDF0081615B /* MoviesDatasourcesViewModel.swift */; };
		74AC3D87298FED070081615B /* SessionImage.swift in Sources */ = {isa = PBXBuildFile; fileRef = 74AC3D86298FED070081615B /* SessionImage.swift */; };
		74AC3D89298FED4D0081615B /* SesstionNetwork.swift in Sources */ = {isa = PBXBuildFile; fileRef = 74AC3D88298FED4D0081615B /* SesstionNetwork.swift */; };
		74AC3D8C298FEEA10081615B /* MovieEndpoint.swift in Sources */ = {isa = PBXBuildFile; fileRef = 74AC3D8B298FEEA10081615B /* MovieEndpoint.swift */; };
		74E43AC929E98B30000919DB /* Techno_TaskTests.swift in Sources */ = {isa = PBXBuildFile; fileRef = 74E43AC829E98B30000919DB /* Techno_TaskTests.swift */; };
/* End PBXBuildFile section */

/* Begin PBXContainerItemProxy section */
		74E43ACA29E98B30000919DB /* PBXContainerItemProxy */ = {
			isa = PBXContainerItemProxy;
			containerPortal = 74AC3D29298FD9610081615B /* Project object */;
			proxyType = 1;
			remoteGlobalIDString = 74AC3D30298FD9610081615B;
			remoteInfo = Techno_Task;
		};
/* End PBXContainerItemProxy section */

/* Begin PBXFileReference section */
		74AC3D31298FD9610081615B /* Techno_Task.app */ = {isa = PBXFileReference; explicitFileType = wrapper.application; includeInIndex = 0; path = Techno_Task.app; sourceTree = BUILT_PRODUCTS_DIR; };
		74AC3D34298FD9610081615B /* AppDelegate.swift */ = {isa = PBXFileReference; lastKnownFileType = sourcecode.swift; path = AppDelegate.swift; sourceTree = "<group>"; };
		74AC3D36298FD9610081615B /* SceneDelegate.swift */ = {isa = PBXFileReference; lastKnownFileType = sourcecode.swift; path = SceneDelegate.swift; sourceTree = "<group>"; };
		74AC3D3D298FD9630081615B /* Assets.xcassets */ = {isa = PBXFileReference; lastKnownFileType = folder.assetcatalog; path = Assets.xcassets; sourceTree = "<group>"; };
		74AC3D40298FD9630081615B /* Base */ = {isa = PBXFileReference; lastKnownFileType = file.storyboard; name = Base; path = Base.lproj/LaunchScreen.storyboard; sourceTree = "<group>"; };
		74AC3D42298FD9630081615B /* Info.plist */ = {isa = PBXFileReference; lastKnownFileType = text.plist.xml; path = Info.plist; sourceTree = "<group>"; };
		74AC3D55298FDA080081615B /* MoviesViewModel.swift */ = {isa = PBXFileReference; lastKnownFileType = sourcecode.swift; path = MoviesViewModel.swift; sourceTree = "<group>"; };
		74AC3D57298FDA3B0081615B /* MoviesVIewController.swift */ = {isa = PBXFileReference; lastKnownFileType = sourcecode.swift; path = MoviesVIewController.swift; sourceTree = "<group>"; };
		74AC3D58298FDA3B0081615B /* MoviesVIewController.xib */ = {isa = PBXFileReference; lastKnownFileType = file.xib; path = MoviesVIewController.xib; sourceTree = "<group>"; };
		74AC3D61298FDAE90081615B /* MoviesFactoy.swift */ = {isa = PBXFileReference; lastKnownFileType = sourcecode.swift; path = MoviesFactoy.swift; sourceTree = "<group>"; };
		74AC3D64298FDB030081615B /* Factory.swift */ = {isa = PBXFileReference; lastKnownFileType = sourcecode.swift; path = Factory.swift; sourceTree = "<group>"; };
		74AC3D68298FDB540081615B /* MoviesCell.swift */ = {isa = PBXFileReference; lastKnownFileType = sourcecode.swift; path = MoviesCell.swift; sourceTree = "<group>"; };
		74AC3D69298FDB540081615B /* MoviesCell.xib */ = {isa = PBXFileReference; lastKnownFileType = file.xib; path = MoviesCell.xib; sourceTree = "<group>"; };
		74AC3D6C298FDB6F0081615B /* MoviesRepositoryProrocol.swift */ = {isa = PBXFileReference; lastKnownFileType = sourcecode.swift; path = MoviesRepositoryProrocol.swift; sourceTree = "<group>"; };
		74AC3D6E298FDB8C0081615B /* MoviesRepoRemoteProtocol.swift */ = {isa = PBXFileReference; lastKnownFileType = sourcecode.swift; path = MoviesRepoRemoteProtocol.swift; sourceTree = "<group>"; };
		74AC3D70298FDBA90081615B /* MoviesDatasources.swift */ = {isa = PBXFileReference; lastKnownFileType = sourcecode.swift; path = MoviesDatasources.swift; sourceTree = "<group>"; };
		74AC3D72298FDBDF0081615B /* MoviesUseCase.swift */ = {isa = PBXFileReference; lastKnownFileType = sourcecode.swift; path = MoviesUseCase.swift; sourceTree = "<group>"; };
		74AC3D75298FDC090081615B /* MoviesUseCaseProtocol.swift */ = {isa = PBXFileReference; lastKnownFileType = sourcecode.swift; path = MoviesUseCaseProtocol.swift; sourceTree = "<group>"; };
		74AC3D78298FDC2B0081615B /* Movies.swift */ = {isa = PBXFileReference; lastKnownFileType = sourcecode.swift; path = Movies.swift; sourceTree = "<group>"; };
		74AC3D7A298FDC5A0081615B /* MoviesRepositoryImple.swift */ = {isa = PBXFileReference; lastKnownFileType = sourcecode.swift; path = MoviesRepositoryImple.swift; sourceTree = "<group>"; };
		74AC3D7C298FDC8F0081615B /* MoviesRepoRemoteImple.swift */ = {isa = PBXFileReference; lastKnownFileType = sourcecode.swift; path = MoviesRepoRemoteImple.swift; sourceTree = "<group>"; };
		74AC3D7F298FDCFF0081615B /* ViewModel.swift */ = {isa = PBXFileReference; lastKnownFileType = sourcecode.swift; path = ViewModel.swift; sourceTree = "<group>"; };
		74AC3D81298FDD190081615B /* MoviesViewModelProtocol.swift */ = {isa = PBXFileReference; lastKnownFileType = sourcecode.swift; path = MoviesViewModelProtocol.swift; sourceTree = "<group>"; };
		74AC3D83298FDDDF0081615B /* MoviesDatasourcesViewModel.swift */ = {isa = PBXFileReference; lastKnownFileType = sourcecode.swift; path = MoviesDatasourcesViewModel.swift; sourceTree = "<group>"; };
		74AC3D86298FED070081615B /* SessionImage.swift */ = {isa = PBXFileReference; lastKnownFileType = sourcecode.swift; path = SessionImage.swift; sourceTree = "<group>"; };
		74AC3D88298FED4D0081615B /* SesstionNetwork.swift */ = {isa = PBXFileReference; lastKnownFileType = sourcecode.swift; path = SesstionNetwork.swift; sourceTree = "<group>"; };
		74AC3D8B298FEEA10081615B /* MovieEndpoint.swift */ = {isa = PBXFileReference; lastKnownFileType = sourcecode.swift; path = MovieEndpoint.swift; sourceTree = "<group>"; };
		74E43AC629E98B30000919DB /* Techno_TaskTests.xctest */ = {isa = PBXFileReference; explicitFileType = wrapper.cfbundle; includeInIndex = 0; path = Techno_TaskTests.xctest; sourceTree = BUILT_PRODUCTS_DIR; };
		74E43AC829E98B30000919DB /* Techno_TaskTests.swift */ = {isa = PBXFileReference; lastKnownFileType = sourcecode.swift; path = Techno_TaskTests.swift; sourceTree = "<group>"; };
/* End PBXFileReference section */

/* Begin PBXFrameworksBuildPhase section */
		74AC3D2E298FD9610081615B /* Frameworks */ = {
			isa = PBXFrameworksBuildPhase;
			buildActionMask = 2147483647;
			files = (
				74AC3D4A298FD9760081615B /* AFNetwork in Frameworks */,
			);
			runOnlyForDeploymentPostprocessing = 0;
		};
		74E43AC329E98B30000919DB /* Frameworks */ = {
			isa = PBXFrameworksBuildPhase;
			buildActionMask = 2147483647;
			files = (
			);
			runOnlyForDeploymentPostprocessing = 0;
		};
/* End PBXFrameworksBuildPhase section */

/* Begin PBXGroup section */
		74AC3D28298FD9610081615B = {
			isa = PBXGroup;
			children = (
				74AC3D33298FD9610081615B /* Techno_Task */,
				74E43AC729E98B30000919DB /* Techno_TaskTests */,
				74AC3D32298FD9610081615B /* Products */,
			);
			sourceTree = "<group>";
		};
		74AC3D32298FD9610081615B /* Products */ = {
			isa = PBXGroup;
			children = (
				74AC3D31298FD9610081615B /* Techno_Task.app */,
				74E43AC629E98B30000919DB /* Techno_TaskTests.xctest */,
			);
			name = Products;
			sourceTree = "<group>";
		};
		74AC3D33298FD9610081615B /* Techno_Task */ = {
			isa = PBXGroup;
			children = (
				74AC3D85298FECEA0081615B /* Sessions */,
				74AC3D7E298FDCF50081615B /* Utility */,
				74AC3D63298FDAF60081615B /* Factory */,
				74AC3D4B298FD9830081615B /* Core */,
				74AC3D4D298FD98F0081615B /* Support */,
				74AC3D4C298FD9870081615B /* Feature */,
				74AC3D42298FD9630081615B /* Info.plist */,
			);
			path = Techno_Task;
			sourceTree = "<group>";
		};
		74AC3D4B298FD9830081615B /* Core */ = {
			isa = PBXGroup;
			children = (
				74AC3D34298FD9610081615B /* AppDelegate.swift */,
				74AC3D36298FD9610081615B /* SceneDelegate.swift */,
			);
			path = Core;
			sourceTree = "<group>";
		};
		74AC3D4C298FD9870081615B /* Feature */ = {
			isa = PBXGroup;
			children = (
				74AC3D4E298FD9D00081615B /* Movies */,
			);
			path = Feature;
			sourceTree = "<group>";
		};
		74AC3D4D298FD98F0081615B /* Support */ = {
			isa = PBXGroup;
			children = (
				74AC3D3D298FD9630081615B /* Assets.xcassets */,
				74AC3D3F298FD9630081615B /* LaunchScreen.storyboard */,
			);
			path = Support;
			sourceTree = "<group>";
		};
		74AC3D4E298FD9D00081615B /* Movies */ = {
			isa = PBXGroup;
			children = (
				74AC3D60298FDAD80081615B /* Factory */,
				74AC3D54298FD9F20081615B /* Presentation */,
				74AC3D53298FD9EC0081615B /* Domain */,
				74AC3D52298FD9E80081615B /* Data */,
			);
			path = Movies;
			sourceTree = "<group>";
		};
		74AC3D4F298FD9D80081615B /* Entity */ = {
			isa = PBXGroup;
			children = (
				74AC3D8A298FEE900081615B /* Endpoint */,
				74AC3D77298FDC170081615B /* MoviesEntity */,
				74AC3D74298FDBF20081615B /* UseCaseProtocol */,
			);
			path = Entity;
			sourceTree = "<group>";
		};
		74AC3D50298FD9E00081615B /* View */ = {
			isa = PBXGroup;
			children = (
				74AC3D57298FDA3B0081615B /* MoviesVIewController.swift */,
				74AC3D58298FDA3B0081615B /* MoviesVIewController.xib */,
			);
			path = View;
			sourceTree = "<group>";
		};
		74AC3D51298FD9E30081615B /* ViewModel */ = {
			isa = PBXGroup;
			children = (
				74AC3D55298FDA080081615B /* MoviesViewModel.swift */,
				74AC3D81298FDD190081615B /* MoviesViewModelProtocol.swift */,
				74AC3D83298FDDDF0081615B /* MoviesDatasourcesViewModel.swift */,
			);
			path = ViewModel;
			sourceTree = "<group>";
		};
		74AC3D52298FD9E80081615B /* Data */ = {
			isa = PBXGroup;
			children = (
				74AC3D5C298FDA5E0081615B /* RepositoryImp */,
				74AC3D5B298FDA4E0081615B /* RemoteRepos */,
			);
			path = Data;
			sourceTree = "<group>";
		};
		74AC3D53298FD9EC0081615B /* Domain */ = {
			isa = PBXGroup;
			children = (
				74AC3D5F298FDAA70081615B /* Datasources */,
				74AC3D5E298FDA930081615B /* RepoProtocol */,
				74AC3D5D298FDA750081615B /* UseCase */,
				74AC3D4F298FD9D80081615B /* Entity */,
			);
			path = Domain;
			sourceTree = "<group>";
		};
		74AC3D54298FD9F20081615B /* Presentation */ = {
			isa = PBXGroup;
			children = (
				74AC3D67298FDB3D0081615B /* Cells */,
				74AC3D51298FD9E30081615B /* ViewModel */,
				74AC3D50298FD9E00081615B /* View */,
			);
			path = Presentation;
			sourceTree = "<group>";
		};
		74AC3D5B298FDA4E0081615B /* RemoteRepos */ = {
			isa = PBXGroup;
			children = (
				74AC3D7C298FDC8F0081615B /* MoviesRepoRemoteImple.swift */,
			);
			path = RemoteRepos;
			sourceTree = "<group>";
		};
		74AC3D5C298FDA5E0081615B /* RepositoryImp */ = {
			isa = PBXGroup;
			children = (
				74AC3D7A298FDC5A0081615B /* MoviesRepositoryImple.swift */,
			);
			path = RepositoryImp;
			sourceTree = "<group>";
		};
		74AC3D5D298FDA750081615B /* UseCase */ = {
			isa = PBXGroup;
			children = (
				74AC3D72298FDBDF0081615B /* MoviesUseCase.swift */,
			);
			path = UseCase;
			sourceTree = "<group>";
		};
		74AC3D5E298FDA930081615B /* RepoProtocol */ = {
			isa = PBXGroup;
			children = (
				74AC3D6C298FDB6F0081615B /* MoviesRepositoryProrocol.swift */,
				74AC3D6E298FDB8C0081615B /* MoviesRepoRemoteProtocol.swift */,
			);
			path = RepoProtocol;
			sourceTree = "<group>";
		};
		74AC3D5F298FDAA70081615B /* Datasources */ = {
			isa = PBXGroup;
			children = (
				74AC3D70298FDBA90081615B /* MoviesDatasources.swift */,
			);
			path = Datasources;
			sourceTree = "<group>";
		};
		74AC3D60298FDAD80081615B /* Factory */ = {
			isa = PBXGroup;
			children = (
				74AC3D61298FDAE90081615B /* MoviesFactoy.swift */,
			);
			path = Factory;
			sourceTree = "<group>";
		};
		74AC3D63298FDAF60081615B /* Factory */ = {
			isa = PBXGroup;
			children = (
				74AC3D64298FDB030081615B /* Factory.swift */,
			);
			path = Factory;
			sourceTree = "<group>";
		};
		74AC3D67298FDB3D0081615B /* Cells */ = {
			isa = PBXGroup;
			children = (
				74AC3D68298FDB540081615B /* MoviesCell.swift */,
				74AC3D69298FDB540081615B /* MoviesCell.xib */,
			);
			path = Cells;
			sourceTree = "<group>";
		};
		74AC3D74298FDBF20081615B /* UseCaseProtocol */ = {
			isa = PBXGroup;
			children = (
				74AC3D75298FDC090081615B /* MoviesUseCaseProtocol.swift */,
			);
			path = UseCaseProtocol;
			sourceTree = "<group>";
		};
		74AC3D77298FDC170081615B /* MoviesEntity */ = {
			isa = PBXGroup;
			children = (
				74AC3D78298FDC2B0081615B /* Movies.swift */,
			);
			path = MoviesEntity;
			sourceTree = "<group>";
		};
		74AC3D7E298FDCF50081615B /* Utility */ = {
			isa = PBXGroup;
			children = (
				74AC3D7F298FDCFF0081615B /* ViewModel.swift */,
			);
			path = Utility;
			sourceTree = "<group>";
		};
		74AC3D85298FECEA0081615B /* Sessions */ = {
			isa = PBXGroup;
			children = (
				74AC3D86298FED070081615B /* SessionImage.swift */,
				74AC3D88298FED4D0081615B /* SesstionNetwork.swift */,
			);
			path = Sessions;
			sourceTree = "<group>";
		};
		74AC3D8A298FEE900081615B /* Endpoint */ = {
			isa = PBXGroup;
			children = (
				74AC3D8B298FEEA10081615B /* MovieEndpoint.swift */,
			);
			path = Endpoint;
			sourceTree = "<group>";
		};
		74E43AC729E98B30000919DB /* Techno_TaskTests */ = {
			isa = PBXGroup;
			children = (
				74E43AC829E98B30000919DB /* Techno_TaskTests.swift */,
			);
			path = Techno_TaskTests;
			sourceTree = "<group>";
		};
/* End PBXGroup section */

/* Begin PBXNativeTarget section */
		74AC3D30298FD9610081615B /* Techno_Task */ = {
			isa = PBXNativeTarget;
			buildConfigurationList = 74AC3D45298FD9630081615B /* Build configuration list for PBXNativeTarget "Techno_Task" */;
			buildPhases = (
				74AC3D2D298FD9610081615B /* Sources */,
				74AC3D2E298FD9610081615B /* Frameworks */,
				74AC3D2F298FD9610081615B /* Resources */,
			);
			buildRules = (
			);
			dependencies = (
			);
			name = Techno_Task;
			packageProductDependencies = (
				74AC3D49298FD9760081615B /* AFNetwork */,
			);
			productName = Techno_Task;
			productReference = 74AC3D31298FD9610081615B /* Techno_Task.app */;
			productType = "com.apple.product-type.application";
		};
		74E43AC529E98B30000919DB /* Techno_TaskTests */ = {
			isa = PBXNativeTarget;
			buildConfigurationList = 74E43ACE29E98B30000919DB /* Build configuration list for PBXNativeTarget "Techno_TaskTests" */;
			buildPhases = (
				74E43AC229E98B30000919DB /* Sources */,
				74E43AC329E98B30000919DB /* Frameworks */,
				74E43AC429E98B30000919DB /* Resources */,
			);
			buildRules = (
			);
			dependencies = (
				74E43ACB29E98B30000919DB /* PBXTargetDependency */,
			);
			name = Techno_TaskTests;
			productName = Techno_TaskTests;
			productReference = 74E43AC629E98B30000919DB /* Techno_TaskTests.xctest */;
			productType = "com.apple.product-type.bundle.unit-test";
		};
/* End PBXNativeTarget section */

/* Begin PBXProject section */
		74AC3D29298FD9610081615B /* Project object */ = {
			isa = PBXProject;
			attributes = {
				BuildIndependentTargetsInParallel = 1;
				LastSwiftUpdateCheck = 1420;
				LastUpgradeCheck = 1420;
				TargetAttributes = {
					74AC3D30298FD9610081615B = {
						CreatedOnToolsVersion = 14.2;
					};
					74E43AC529E98B30000919DB = {
						CreatedOnToolsVersion = 14.2;
						TestTargetID = 74AC3D30298FD9610081615B;
					};
				};
			};
			buildConfigurationList = 74AC3D2C298FD9610081615B /* Build configuration list for PBXProject "Techno_Task" */;
			compatibilityVersion = "Xcode 14.0";
			developmentRegion = en;
			hasScannedForEncodings = 0;
			knownRegions = (
				en,
				Base,
			);
			mainGroup = 74AC3D28298FD9610081615B;
			packageReferences = (
				74AC3D48298FD9760081615B /* XCRemoteSwiftPackageReference "AFNetwork" */,
			);
			productRefGroup = 74AC3D32298FD9610081615B /* Products */;
			projectDirPath = "";
			projectRoot = "";
			targets = (
				74AC3D30298FD9610081615B /* Techno_Task */,
				74E43AC529E98B30000919DB /* Techno_TaskTests */,
			);
		};
/* End PBXProject section */

/* Begin PBXResourcesBuildPhase section */
		74AC3D2F298FD9610081615B /* Resources */ = {
			isa = PBXResourcesBuildPhase;
			buildActionMask = 2147483647;
			files = (
				74AC3D5A298FDA3B0081615B /* MoviesVIewController.xib in Resources */,
				74AC3D41298FD9630081615B /* LaunchScreen.storyboard in Resources */,
				74AC3D6B298FDB540081615B /* MoviesCell.xib in Resources */,
				74AC3D3E298FD9630081615B /* Assets.xcassets in Resources */,
			);
			runOnlyForDeploymentPostprocessing = 0;
		};
		74E43AC429E98B30000919DB /* Resources */ = {
			isa = PBXResourcesBuildPhase;
			buildActionMask = 2147483647;
			files = (
			);
			runOnlyForDeploymentPostprocessing = 0;
		};
/* End PBXResourcesBuildPhase section */

/* Begin PBXSourcesBuildPhase section */
		74AC3D2D298FD9610081615B /* Sources */ = {
			isa = PBXSourcesBuildPhase;
			buildActionMask = 2147483647;
			files = (
				74AC3D35298FD9610081615B /* AppDelegate.swift in Sources */,
				74AC3D56298FDA080081615B /* MoviesViewModel.swift in Sources */,
				74AC3D65298FDB030081615B /* Factory.swift in Sources */,
				74AC3D7D298FDC8F0081615B /* MoviesRepoRemoteImple.swift in Sources */,
				74AC3D87298FED070081615B /* SessionImage.swift in Sources */,
				74AC3D37298FD9610081615B /* SceneDelegate.swift in Sources */,
				74AC3D89298FED4D0081615B /* SesstionNetwork.swift in Sources */,
				74AC3D7B298FDC5A0081615B /* MoviesRepositoryImple.swift in Sources */,
				74AC3D8C298FEEA10081615B /* MovieEndpoint.swift in Sources */,
				74AC3D80298FDCFF0081615B /* ViewModel.swift in Sources */,
				74AC3D6D298FDB6F0081615B /* MoviesRepositoryProrocol.swift in Sources */,
				74AC3D82298FDD190081615B /* MoviesViewModelProtocol.swift in Sources */,
				74AC3D6A298FDB540081615B /* MoviesCell.swift in Sources */,
				74AC3D62298FDAE90081615B /* MoviesFactoy.swift in Sources */,
				74AC3D73298FDBDF0081615B /* MoviesUseCase.swift in Sources */,
				74AC3D84298FDDDF0081615B /* MoviesDatasourcesViewModel.swift in Sources */,
				74AC3D76298FDC090081615B /* MoviesUseCaseProtocol.swift in Sources */,
				74AC3D71298FDBA90081615B /* MoviesDatasources.swift in Sources */,
				74AC3D79298FDC2B0081615B /* Movies.swift in Sources */,
				74AC3D59298FDA3B0081615B /* MoviesVIewController.swift in Sources */,
				74AC3D6F298FDB8C0081615B /* MoviesRepoRemoteProtocol.swift in Sources */,
			);
			runOnlyForDeploymentPostprocessing = 0;
		};
		74E43AC229E98B30000919DB /* Sources */ = {
			isa = PBXSourcesBuildPhase;
			buildActionMask = 2147483647;
			files = (
				74E43AC929E98B30000919DB /* Techno_TaskTests.swift in Sources */,
			);
			runOnlyForDeploymentPostprocessing = 0;
		};
/* End PBXSourcesBuildPhase section */

/* Begin PBXTargetDependency section */
		74E43ACB29E98B30000919DB /* PBXTargetDependency */ = {
			isa = PBXTargetDependency;
			target = 74AC3D30298FD9610081615B /* Techno_Task */;
			targetProxy = 74E43ACA29E98B30000919DB /* PBXContainerItemProxy */;
		};
/* End PBXTargetDependency section */

/* Begin PBXVariantGroup section */
		74AC3D3F298FD9630081615B /* LaunchScreen.storyboard */ = {
			isa = PBXVariantGroup;
			children = (
				74AC3D40298FD9630081615B /* Base */,
			);
			name = LaunchScreen.storyboard;
			sourceTree = "<group>";
		};
/* End PBXVariantGroup section */

/* Begin XCBuildConfiguration section */
		74AC3D43298FD9630081615B /* Debug */ = {
			isa = XCBuildConfiguration;
			buildSettings = {
				ALWAYS_SEARCH_USER_PATHS = NO;
				CLANG_ANALYZER_NONNULL = YES;
				CLANG_ANALYZER_NUMBER_OBJECT_CONVERSION = YES_AGGRESSIVE;
				CLANG_CXX_LANGUAGE_STANDARD = "gnu++20";
				CLANG_ENABLE_MODULES = YES;
				CLANG_ENABLE_OBJC_ARC = YES;
				CLANG_ENABLE_OBJC_WEAK = YES;
				CLANG_WARN_BLOCK_CAPTURE_AUTORELEASING = YES;
				CLANG_WARN_BOOL_CONVERSION = YES;
				CLANG_WARN_COMMA = YES;
				CLANG_WARN_CONSTANT_CONVERSION = YES;
				CLANG_WARN_DEPRECATED_OBJC_IMPLEMENTATIONS = YES;
				CLANG_WARN_DIRECT_OBJC_ISA_USAGE = YES_ERROR;
				CLANG_WARN_DOCUMENTATION_COMMENTS = YES;
				CLANG_WARN_EMPTY_BODY = YES;
				CLANG_WARN_ENUM_CONVERSION = YES;
				CLANG_WARN_INFINITE_RECURSION = YES;
				CLANG_WARN_INT_CONVERSION = YES;
				CLANG_WARN_NON_LITERAL_NULL_CONVERSION = YES;
				CLANG_WARN_OBJC_IMPLICIT_RETAIN_SELF = YES;
				CLANG_WARN_OBJC_LITERAL_CONVERSION = YES;
				CLANG_WARN_OBJC_ROOT_CLASS = YES_ERROR;
				CLANG_WARN_QUOTED_INCLUDE_IN_FRAMEWORK_HEADER = YES;
				CLANG_WARN_RANGE_LOOP_ANALYSIS = YES;
				CLANG_WARN_STRICT_PROTOTYPES = YES;
				CLANG_WARN_SUSPICIOUS_MOVE = YES;
				CLANG_WARN_UNGUARDED_AVAILABILITY = YES_AGGRESSIVE;
				CLANG_WARN_UNREACHABLE_CODE = YES;
				CLANG_WARN__DUPLICATE_METHOD_MATCH = YES;
				COPY_PHASE_STRIP = NO;
				DEBUG_INFORMATION_FORMAT = dwarf;
				ENABLE_STRICT_OBJC_MSGSEND = YES;
				ENABLE_TESTABILITY = YES;
				GCC_C_LANGUAGE_STANDARD = gnu11;
				GCC_DYNAMIC_NO_PIC = NO;
				GCC_NO_COMMON_BLOCKS = YES;
				GCC_OPTIMIZATION_LEVEL = 0;
				GCC_PREPROCESSOR_DEFINITIONS = (
					"DEBUG=1",
					"$(inherited)",
				);
				GCC_WARN_64_TO_32_BIT_CONVERSION = YES;
				GCC_WARN_ABOUT_RETURN_TYPE = YES_ERROR;
				GCC_WARN_UNDECLARED_SELECTOR = YES;
				GCC_WARN_UNINITIALIZED_AUTOS = YES_AGGRESSIVE;
				GCC_WARN_UNUSED_FUNCTION = YES;
				GCC_WARN_UNUSED_VARIABLE = YES;
				IPHONEOS_DEPLOYMENT_TARGET = 16.2;
				MTL_ENABLE_DEBUG_INFO = INCLUDE_SOURCE;
				MTL_FAST_MATH = YES;
				ONLY_ACTIVE_ARCH = YES;
				SDKROOT = iphoneos;
				SWIFT_ACTIVE_COMPILATION_CONDITIONS = DEBUG;
				SWIFT_OPTIMIZATION_LEVEL = "-Onone";
			};
			name = Debug;
		};
		74AC3D44298FD9630081615B /* Release */ = {
			isa = XCBuildConfiguration;
			buildSettings = {
				ALWAYS_SEARCH_USER_PATHS = NO;
				CLANG_ANALYZER_NONNULL = YES;
				CLANG_ANALYZER_NUMBER_OBJECT_CONVERSION = YES_AGGRESSIVE;
				CLANG_CXX_LANGUAGE_STANDARD = "gnu++20";
				CLANG_ENABLE_MODULES = YES;
				CLANG_ENABLE_OBJC_ARC = YES;
				CLANG_ENABLE_OBJC_WEAK = YES;
				CLANG_WARN_BLOCK_CAPTURE_AUTORELEASING = YES;
				CLANG_WARN_BOOL_CONVERSION = YES;
				CLANG_WARN_COMMA = YES;
				CLANG_WARN_CONSTANT_CONVERSION = YES;
				CLANG_WARN_DEPRECATED_OBJC_IMPLEMENTATIONS = YES;
				CLANG_WARN_DIRECT_OBJC_ISA_USAGE = YES_ERROR;
				CLANG_WARN_DOCUMENTATION_COMMENTS = YES;
				CLANG_WARN_EMPTY_BODY = YES;
				CLANG_WARN_ENUM_CONVERSION = YES;
				CLANG_WARN_INFINITE_RECURSION = YES;
				CLANG_WARN_INT_CONVERSION = YES;
				CLANG_WARN_NON_LITERAL_NULL_CONVERSION = YES;
				CLANG_WARN_OBJC_IMPLICIT_RETAIN_SELF = YES;
				CLANG_WARN_OBJC_LITERAL_CONVERSION = YES;
				CLANG_WARN_OBJC_ROOT_CLASS = YES_ERROR;
				CLANG_WARN_QUOTED_INCLUDE_IN_FRAMEWORK_HEADER = YES;
				CLANG_WARN_RANGE_LOOP_ANALYSIS = YES;
				CLANG_WARN_STRICT_PROTOTYPES = YES;
				CLANG_WARN_SUSPICIOUS_MOVE = YES;
				CLANG_WARN_UNGUARDED_AVAILABILITY = YES_AGGRESSIVE;
				CLANG_WARN_UNREACHABLE_CODE = YES;
				CLANG_WARN__DUPLICATE_METHOD_MATCH = YES;
				COPY_PHASE_STRIP = NO;
				DEBUG_INFORMATION_FORMAT = "dwarf-with-dsym";
				ENABLE_NS_ASSERTIONS = NO;
				ENABLE_STRICT_OBJC_MSGSEND = YES;
				GCC_C_LANGUAGE_STANDARD = gnu11;
				GCC_NO_COMMON_BLOCKS = YES;
				GCC_WARN_64_TO_32_BIT_CONVERSION = YES;
				GCC_WARN_ABOUT_RETURN_TYPE = YES_ERROR;
				GCC_WARN_UNDECLARED_SELECTOR = YES;
				GCC_WARN_UNINITIALIZED_AUTOS = YES_AGGRESSIVE;
				GCC_WARN_UNUSED_FUNCTION = YES;
				GCC_WARN_UNUSED_VARIABLE = YES;
				IPHONEOS_DEPLOYMENT_TARGET = 16.2;
				MTL_ENABLE_DEBUG_INFO = NO;
				MTL_FAST_MATH = YES;
				SDKROOT = iphoneos;
				SWIFT_COMPILATION_MODE = wholemodule;
				SWIFT_OPTIMIZATION_LEVEL = "-O";
				VALIDATE_PRODUCT = YES;
			};
			name = Release;
		};
		74AC3D46298FD9630081615B /* Debug */ = {
			isa = XCBuildConfiguration;
			buildSettings = {
				ASSETCATALOG_COMPILER_APPICON_NAME = AppIcon;
				ASSETCATALOG_COMPILER_GLOBAL_ACCENT_COLOR_NAME = AccentColor;
				CODE_SIGN_STYLE = Automatic;
				CURRENT_PROJECT_VERSION = 1;
				GENERATE_INFOPLIST_FILE = YES;
				INFOPLIST_FILE = Techno_Task/Info.plist;
				INFOPLIST_KEY_UIApplicationSupportsIndirectInputEvents = YES;
				INFOPLIST_KEY_UILaunchStoryboardName = LaunchScreen;
				INFOPLIST_KEY_UISupportedInterfaceOrientations_iPad = "UIInterfaceOrientationPortrait UIInterfaceOrientationPortraitUpsideDown UIInterfaceOrientationLandscapeLeft UIInterfaceOrientationLandscapeRight";
				INFOPLIST_KEY_UISupportedInterfaceOrientations_iPhone = "UIInterfaceOrientationPortrait UIInterfaceOrientationLandscapeLeft UIInterfaceOrientationLandscapeRight";
				LD_RUNPATH_SEARCH_PATHS = (
					"$(inherited)",
					"@executable_path/Frameworks",
				);
				MARKETING_VERSION = 1.0;
				PRODUCT_BUNDLE_IDENTIFIER = "com.afate7090.Techno-Task";
				PRODUCT_NAME = "$(TARGET_NAME)";
				SWIFT_EMIT_LOC_STRINGS = YES;
				SWIFT_VERSION = 5.0;
				TARGETED_DEVICE_FAMILY = "1,2";
			};
			name = Debug;
		};
		74AC3D47298FD9630081615B /* Release */ = {
			isa = XCBuildConfiguration;
			buildSettings = {
				ASSETCATALOG_COMPILER_APPICON_NAME = AppIcon;
				ASSETCATALOG_COMPILER_GLOBAL_ACCENT_COLOR_NAME = AccentColor;
				CODE_SIGN_STYLE = Automatic;
				CURRENT_PROJECT_VERSION = 1;
				GENERATE_INFOPLIST_FILE = YES;
				INFOPLIST_FILE = Techno_Task/Info.plist;
				INFOPLIST_KEY_UIApplicationSupportsIndirectInputEvents = YES;
				INFOPLIST_KEY_UILaunchStoryboardName = LaunchScreen;
				INFOPLIST_KEY_UISupportedInterfaceOrientations_iPad = "UIInterfaceOrientationPortrait UIInterfaceOrientationPortraitUpsideDown UIInterfaceOrientationLandscapeLeft UIInterfaceOrientationLandscapeRight";
				INFOPLIST_KEY_UISupportedInterfaceOrientations_iPhone = "UIInterfaceOrientationPortrait UIInterfaceOrientationLandscapeLeft UIInterfaceOrientationLandscapeRight";
				LD_RUNPATH_SEARCH_PATHS = (
					"$(inherited)",
					"@executable_path/Frameworks",
				);
				MARKETING_VERSION = 1.0;
				PRODUCT_BUNDLE_IDENTIFIER = "com.afate7090.Techno-Task";
				PRODUCT_NAME = "$(TARGET_NAME)";
				SWIFT_EMIT_LOC_STRINGS = YES;
				SWIFT_VERSION = 5.0;
				TARGETED_DEVICE_FAMILY = "1,2";
			};
			name = Release;
		};
		74E43ACC29E98B30000919DB /* Debug */ = {
			isa = XCBuildConfiguration;
			buildSettings = {
				BUNDLE_LOADER = "$(TEST_HOST)";
				CODE_SIGN_STYLE = Automatic;
				CURRENT_PROJECT_VERSION = 1;
				DEVELOPMENT_TEAM = V4XXQXQMM4;
				GENERATE_INFOPLIST_FILE = YES;
				MARKETING_VERSION = 1.0;
				PRODUCT_BUNDLE_IDENTIFIER = "com.afate7090.Techno-TaskTests";
				PRODUCT_NAME = "$(TARGET_NAME)";
				SWIFT_EMIT_LOC_STRINGS = NO;
				SWIFT_VERSION = 5.0;
				TARGETED_DEVICE_FAMILY = "1,2";
				TEST_HOST = "$(BUILT_PRODUCTS_DIR)/Techno_Task.app/$(BUNDLE_EXECUTABLE_FOLDER_PATH)/Techno_Task";
			};
			name = Debug;
		};
		74E43ACD29E98B30000919DB /* Release */ = {
			isa = XCBuildConfiguration;
			buildSettings = {
				BUNDLE_LOADER = "$(TEST_HOST)";
				CODE_SIGN_STYLE = Automatic;
				CURRENT_PROJECT_VERSION = 1;
				DEVELOPMENT_TEAM = V4XXQXQMM4;
				GENERATE_INFOPLIST_FILE = YES;
				MARKETING_VERSION = 1.0;
				PRODUCT_BUNDLE_IDENTIFIER = "com.afate7090.Techno-TaskTests";
				PRODUCT_NAME = "$(TARGET_NAME)";
				SWIFT_EMIT_LOC_STRINGS = NO;
				SWIFT_VERSION = 5.0;
				TARGETED_DEVICE_FAMILY = "1,2";
				TEST_HOST = "$(BUILT_PRODUCTS_DIR)/Techno_Task.app/$(BUNDLE_EXECUTABLE_FOLDER_PATH)/Techno_Task";
			};
			name = Release;
		};
/* End XCBuildConfiguration section */

/* Begin XCConfigurationList section */
		74AC3D2C298FD9610081615B /* Build configuration list for PBXProject "Techno_Task" */ = {
			isa = XCConfigurationList;
			buildConfigurations = (
				74AC3D43298FD9630081615B /* Debug */,
				74AC3D44298FD9630081615B /* Release */,
			);
			defaultConfigurationIsVisible = 0;
			defaultConfigurationName = Release;
		};
		74AC3D45298FD9630081615B /* Build configuration list for PBXNativeTarget "Techno_Task" */ = {
			isa = XCConfigurationList;
			buildConfigurations = (
				74AC3D46298FD9630081615B /* Debug */,
				74AC3D47298FD9630081615B /* Release */,
			);
			defaultConfigurationIsVisible = 0;
			defaultConfigurationName = Release;
		};
		74E43ACE29E98B30000919DB /* Build configuration list for PBXNativeTarget "Techno_TaskTests" */ = {
			isa = XCConfigurationList;
			buildConfigurations = (
				74E43ACC29E98B30000919DB /* Debug */,
				74E43ACD29E98B30000919DB /* Release */,
			);
			defaultConfigurationIsVisible = 0;
			defaultConfigurationName = Release;
		};
/* End XCConfigurationList section */

/* Begin XCRemoteSwiftPackageReference section */
		74AC3D48298FD9760081615B /* XCRemoteSwiftPackageReference "AFNetwork" */ = {
			isa = XCRemoteSwiftPackageReference;
			repositoryURL = "https://github.com/afathe7090/AFNetwork.git";
			requirement = {
				branch = main;
				kind = branch;
			};
		};
/* End XCRemoteSwiftPackageReference section */

/* Begin XCSwiftPackageProductDependency section */
		74AC3D49298FD9760081615B /* AFNetwork */ = {
			isa = XCSwiftPackageProductDependency;
			package = 74AC3D48298FD9760081615B /* XCRemoteSwiftPackageReference "AFNetwork" */;
			productName = AFNetwork;
		};
/* End XCSwiftPackageProductDependency section */
	};
	rootObject = 74AC3D29298FD9610081615B /* Project object */;
}
